// !$*UTF8*$!
{
	archiveVersion = 1;
	classes = {
	};
	objectVersion = 50;
	objects = {

/* Begin PBXBuildFile section */
		6F53533423CC4D85003DEE1D /* AppDelegate.swift in Sources */ = {isa = PBXBuildFile; fileRef = 6F53533323CC4D85003DEE1D /* AppDelegate.swift */; };
		6F53533623CC4D85003DEE1D /* SceneDelegate.swift in Sources */ = {isa = PBXBuildFile; fileRef = 6F53533523CC4D85003DEE1D /* SceneDelegate.swift */; };
		6F53533823CC4D85003DEE1D /* LandmarkDetail.swift in Sources */ = {isa = PBXBuildFile; fileRef = 6F53533723CC4D85003DEE1D /* LandmarkDetail.swift */; };
		6F53534823CC51E4003DEE1D /* CircleImage.swift in Sources */ = {isa = PBXBuildFile; fileRef = 6F53534723CC51E4003DEE1D /* CircleImage.swift */; };
		6F53534A23CC52E7003DEE1D /* MapView.swift in Sources */ = {isa = PBXBuildFile; fileRef = 6F53534923CC52E7003DEE1D /* MapView.swift */; };
		6FBDADF923D192D900D7DDBD /* turtlerock.jpg in Resources */ = {isa = PBXBuildFile; fileRef = 6FBDADEC23D192D800D7DDBD /* turtlerock.jpg */; };
		6FBDADFA23D192D900D7DDBD /* silversalmoncreek.jpg in Resources */ = {isa = PBXBuildFile; fileRef = 6FBDADED23D192D800D7DDBD /* silversalmoncreek.jpg */; };
		6FBDADFB23D192D900D7DDBD /* chincoteague.jpg in Resources */ = {isa = PBXBuildFile; fileRef = 6FBDADEE23D192D800D7DDBD /* chincoteague.jpg */; };
		6FBDADFC23D192D900D7DDBD /* icybay.jpg in Resources */ = {isa = PBXBuildFile; fileRef = 6FBDADEF23D192D800D7DDBD /* icybay.jpg */; };
		6FBDADFD23D192D900D7DDBD /* lakemcdonald.jpg in Resources */ = {isa = PBXBuildFile; fileRef = 6FBDADF023D192D800D7DDBD /* lakemcdonald.jpg */; };
		6FBDADFE23D192D900D7DDBD /* umbagog.jpg in Resources */ = {isa = PBXBuildFile; fileRef = 6FBDADF123D192D800D7DDBD /* umbagog.jpg */; };
		6FBDADFF23D192D900D7DDBD /* stmarylake.jpg in Resources */ = {isa = PBXBuildFile; fileRef = 6FBDADF223D192D800D7DDBD /* stmarylake.jpg */; };
		6FBDAE0023D192D900D7DDBD /* landmarkData.json in Resources */ = {isa = PBXBuildFile; fileRef = 6FBDADF323D192D800D7DDBD /* landmarkData.json */; };
		6FBDAE0123D192D900D7DDBD /* hiddenlake.jpg in Resources */ = {isa = PBXBuildFile; fileRef = 6FBDADF423D192D800D7DDBD /* hiddenlake.jpg */; };
		6FBDAE0223D192D900D7DDBD /* yukon_charleyrivers.jpg in Resources */ = {isa = PBXBuildFile; fileRef = 6FBDADF523D192D800D7DDBD /* yukon_charleyrivers.jpg */; };
		6FBDAE0323D192D900D7DDBD /* twinlake.jpg in Resources */ = {isa = PBXBuildFile; fileRef = 6FBDADF623D192D800D7DDBD /* twinlake.jpg */; };
		6FBDAE0423D192D900D7DDBD /* chilkoottrail.jpg in Resources */ = {isa = PBXBuildFile; fileRef = 6FBDADF723D192D900D7DDBD /* chilkoottrail.jpg */; };
		6FBDAE0523D192D900D7DDBD /* rainbowlake.jpg in Resources */ = {isa = PBXBuildFile; fileRef = 6FBDADF823D192D900D7DDBD /* rainbowlake.jpg */; };
		6FBDAE0723D1932800D7DDBD /* Data.swift in Sources */ = {isa = PBXBuildFile; fileRef = 6FBDAE0623D1932800D7DDBD /* Data.swift */; };
		6FD163E523DEB8FE00BD5872 /* UserData.swift in Sources */ = {isa = PBXBuildFile; fileRef = 6FD163E423DEB8FE00BD5872 /* UserData.swift */; };
		6FE3D18023CC7DB2004CFB90 /* Landmark.swift in Sources */ = {isa = PBXBuildFile; fileRef = 6FE3D17F23CC7DB2004CFB90 /* Landmark.swift */; };
		6FE3D18623CC7EF6004CFB90 /* LandmarkRow.swift in Sources */ = {isa = PBXBuildFile; fileRef = 6FE3D18523CC7EF6004CFB90 /* LandmarkRow.swift */; };
		6FE3D18823CC7FE4004CFB90 /* LandmarkList.swift in Sources */ = {isa = PBXBuildFile; fileRef = 6FE3D18723CC7FE4004CFB90 /* LandmarkList.swift */; };
/* End PBXBuildFile section */

/* Begin PBXFileReference section */
		6F53533023CC4D84003DEE1D /* SwiftUi Tutorial.app */ = {isa = PBXFileReference; explicitFileType = wrapper.application; includeInIndex = 0; path = "SwiftUi Tutorial.app"; sourceTree = BUILT_PRODUCTS_DIR; };
		6F53533323CC4D85003DEE1D /* AppDelegate.swift */ = {isa = PBXFileReference; lastKnownFileType = sourcecode.swift; path = AppDelegate.swift; sourceTree = "<group>"; };
		6F53533523CC4D85003DEE1D /* SceneDelegate.swift */ = {isa = PBXFileReference; lastKnownFileType = sourcecode.swift; path = SceneDelegate.swift; sourceTree = "<group>"; };
		6F53533723CC4D85003DEE1D /* LandmarkDetail.swift */ = {isa = PBXFileReference; lastKnownFileType = sourcecode.swift; path = LandmarkDetail.swift; sourceTree = "<group>"; };
		6F53533923CC4D85003DEE1D /* Assets.xcassets */ = {isa = PBXFileReference; lastKnownFileType = folder.assetcatalog; path = Assets.xcassets; sourceTree = "<group>"; };
		6F53533C23CC4D85003DEE1D /* Preview Assets.xcassets */ = {isa = PBXFileReference; lastKnownFileType = folder.assetcatalog; path = "Preview Assets.xcassets"; sourceTree = "<group>"; };
		6F53533F23CC4D85003DEE1D /* Base */ = {isa = PBXFileReference; lastKnownFileType = file.storyboard; name = Base; path = Base.lproj/LaunchScreen.storyboard; sourceTree = "<group>"; };
		6F53534123CC4D85003DEE1D /* Info.plist */ = {isa = PBXFileReference; lastKnownFileType = text.plist.xml; path = Info.plist; sourceTree = "<group>"; };
		6F53534723CC51E4003DEE1D /* CircleImage.swift */ = {isa = PBXFileReference; lastKnownFileType = sourcecode.swift; path = CircleImage.swift; sourceTree = "<group>"; };
		6F53534923CC52E7003DEE1D /* MapView.swift */ = {isa = PBXFileReference; lastKnownFileType = sourcecode.swift; path = MapView.swift; sourceTree = "<group>"; };
		6FBDADEC23D192D800D7DDBD /* turtlerock.jpg */ = {isa = PBXFileReference; lastKnownFileType = image.jpeg; path = turtlerock.jpg; sourceTree = "<group>"; };
		6FBDADED23D192D800D7DDBD /* silversalmoncreek.jpg */ = {isa = PBXFileReference; lastKnownFileType = image.jpeg; path = silversalmoncreek.jpg; sourceTree = "<group>"; };
		6FBDADEE23D192D800D7DDBD /* chincoteague.jpg */ = {isa = PBXFileReference; lastKnownFileType = image.jpeg; path = chincoteague.jpg; sourceTree = "<group>"; };
		6FBDADEF23D192D800D7DDBD /* icybay.jpg */ = {isa = PBXFileReference; lastKnownFileType = image.jpeg; path = icybay.jpg; sourceTree = "<group>"; };
		6FBDADF023D192D800D7DDBD /* lakemcdonald.jpg */ = {isa = PBXFileReference; lastKnownFileType = image.jpeg; path = lakemcdonald.jpg; sourceTree = "<group>"; };
		6FBDADF123D192D800D7DDBD /* umbagog.jpg */ = {isa = PBXFileReference; lastKnownFileType = image.jpeg; path = umbagog.jpg; sourceTree = "<group>"; };
		6FBDADF223D192D800D7DDBD /* stmarylake.jpg */ = {isa = PBXFileReference; lastKnownFileType = image.jpeg; path = stmarylake.jpg; sourceTree = "<group>"; };
		6FBDADF323D192D800D7DDBD /* landmarkData.json */ = {isa = PBXFileReference; fileEncoding = 4; lastKnownFileType = text.json; path = landmarkData.json; sourceTree = "<group>"; };
		6FBDADF423D192D800D7DDBD /* hiddenlake.jpg */ = {isa = PBXFileReference; lastKnownFileType = image.jpeg; path = hiddenlake.jpg; sourceTree = "<group>"; };
		6FBDADF523D192D800D7DDBD /* yukon_charleyrivers.jpg */ = {isa = PBXFileReference; lastKnownFileType = image.jpeg; path = yukon_charleyrivers.jpg; sourceTree = "<group>"; };
		6FBDADF623D192D800D7DDBD /* twinlake.jpg */ = {isa = PBXFileReference; lastKnownFileType = image.jpeg; path = twinlake.jpg; sourceTree = "<group>"; };
		6FBDADF723D192D900D7DDBD /* chilkoottrail.jpg */ = {isa = PBXFileReference; lastKnownFileType = image.jpeg; path = chilkoottrail.jpg; sourceTree = "<group>"; };
		6FBDADF823D192D900D7DDBD /* rainbowlake.jpg */ = {isa = PBXFileReference; lastKnownFileType = image.jpeg; path = rainbowlake.jpg; sourceTree = "<group>"; };
		6FBDAE0623D1932800D7DDBD /* Data.swift */ = {isa = PBXFileReference; fileEncoding = 4; lastKnownFileType = sourcecode.swift; path = Data.swift; sourceTree = "<group>"; };
		6FD163E423DEB8FE00BD5872 /* UserData.swift */ = {isa = PBXFileReference; fileEncoding = 4; lastKnownFileType = sourcecode.swift; path = UserData.swift; sourceTree = "<group>"; };
		6FE3D17F23CC7DB2004CFB90 /* Landmark.swift */ = {isa = PBXFileReference; lastKnownFileType = sourcecode.swift; path = Landmark.swift; sourceTree = "<group>"; };
		6FE3D18523CC7EF6004CFB90 /* LandmarkRow.swift */ = {isa = PBXFileReference; lastKnownFileType = sourcecode.swift; path = LandmarkRow.swift; sourceTree = "<group>"; };
		6FE3D18723CC7FE4004CFB90 /* LandmarkList.swift */ = {isa = PBXFileReference; lastKnownFileType = sourcecode.swift; path = LandmarkList.swift; sourceTree = "<group>"; };
/* End PBXFileReference section */

/* Begin PBXFrameworksBuildPhase section */
		6F53532D23CC4D84003DEE1D /* Frameworks */ = {
			isa = PBXFrameworksBuildPhase;
			buildActionMask = 2147483647;
			files = (
			);
			runOnlyForDeploymentPostprocessing = 0;
		};
/* End PBXFrameworksBuildPhase section */

/* Begin PBXGroup section */
		6F53532723CC4D84003DEE1D = {
			isa = PBXGroup;
			children = (
				6F53533223CC4D84003DEE1D /* SwiftUi Tutorial */,
				6F53533123CC4D84003DEE1D /* Products */,
			);
			sourceTree = "<group>";
		};
		6F53533123CC4D84003DEE1D /* Products */ = {
			isa = PBXGroup;
			children = (
				6F53533023CC4D84003DEE1D /* SwiftUi Tutorial.app */,
			);
			name = Products;
			sourceTree = "<group>";
		};
		6F53533223CC4D84003DEE1D /* SwiftUi Tutorial */ = {
			isa = PBXGroup;
			children = (
				6FE3D18423CC7E74004CFB90 /* Supporting Views */,
				6FE3D18123CC7DEB004CFB90 /* Resources */,
				6FE3D17E23CC7D98004CFB90 /* Models */,
				6F53533323CC4D85003DEE1D /* AppDelegate.swift */,
				6FE3D18723CC7FE4004CFB90 /* LandmarkList.swift */,
				6F53533523CC4D85003DEE1D /* SceneDelegate.swift */,
				6F53533723CC4D85003DEE1D /* LandmarkDetail.swift */,
				6F53533923CC4D85003DEE1D /* Assets.xcassets */,
				6F53533E23CC4D85003DEE1D /* LaunchScreen.storyboard */,
				6F53534123CC4D85003DEE1D /* Info.plist */,
				6F53533B23CC4D85003DEE1D /* Preview Content */,
			);
			path = "SwiftUi Tutorial";
			sourceTree = "<group>";
		};
		6F53533B23CC4D85003DEE1D /* Preview Content */ = {
			isa = PBXGroup;
			children = (
				6F53533C23CC4D85003DEE1D /* Preview Assets.xcassets */,
			);
			path = "Preview Content";
			sourceTree = "<group>";
		};
		6FE3D17E23CC7D98004CFB90 /* Models */ = {
			isa = PBXGroup;
			children = (
				6FD163E423DEB8FE00BD5872 /* UserData.swift */,
				6FBDAE0623D1932800D7DDBD /* Data.swift */,
				6FE3D17F23CC7DB2004CFB90 /* Landmark.swift */,
			);
			path = Models;
			sourceTree = "<group>";
		};
		6FE3D18123CC7DEB004CFB90 /* Resources */ = {
			isa = PBXGroup;
			children = (
				6FBDADF723D192D900D7DDBD /* chilkoottrail.jpg */,
				6FBDADEE23D192D800D7DDBD /* chincoteague.jpg */,
				6FBDADF423D192D800D7DDBD /* hiddenlake.jpg */,
				6FBDADEF23D192D800D7DDBD /* icybay.jpg */,
				6FBDADF023D192D800D7DDBD /* lakemcdonald.jpg */,
				6FBDADF323D192D800D7DDBD /* landmarkData.json */,
				6FBDADF823D192D900D7DDBD /* rainbowlake.jpg */,
				6FBDADED23D192D800D7DDBD /* silversalmoncreek.jpg */,
				6FBDADF223D192D800D7DDBD /* stmarylake.jpg */,
				6FBDADEC23D192D800D7DDBD /* turtlerock.jpg */,
				6FBDADF623D192D800D7DDBD /* twinlake.jpg */,
				6FBDADF123D192D800D7DDBD /* umbagog.jpg */,
				6FBDADF523D192D800D7DDBD /* yukon_charleyrivers.jpg */,
			);
			path = Resources;
			sourceTree = "<group>";
		};
		6FE3D18423CC7E74004CFB90 /* Supporting Views */ = {
			isa = PBXGroup;
			children = (
				6F53534923CC52E7003DEE1D /* MapView.swift */,
				6F53534723CC51E4003DEE1D /* CircleImage.swift */,
				6FE3D18523CC7EF6004CFB90 /* LandmarkRow.swift */,
			);
			path = "Supporting Views";
			sourceTree = "<group>";
		};
/* End PBXGroup section */

/* Begin PBXNativeTarget section */
		6F53532F23CC4D84003DEE1D /* SwiftUi Tutorial */ = {
			isa = PBXNativeTarget;
			buildConfigurationList = 6F53534423CC4D85003DEE1D /* Build configuration list for PBXNativeTarget "SwiftUi Tutorial" */;
			buildPhases = (
				6F53532C23CC4D84003DEE1D /* Sources */,
				6F53532D23CC4D84003DEE1D /* Frameworks */,
				6F53532E23CC4D84003DEE1D /* Resources */,
			);
			buildRules = (
			);
			dependencies = (
			);
			name = "SwiftUi Tutorial";
			productName = "SwiftUi Tutorial";
			productReference = 6F53533023CC4D84003DEE1D /* SwiftUi Tutorial.app */;
			productType = "com.apple.product-type.application";
		};
/* End PBXNativeTarget section */

/* Begin PBXProject section */
		6F53532823CC4D84003DEE1D /* Project object */ = {
			isa = PBXProject;
			attributes = {
				LastSwiftUpdateCheck = 1110;
				LastUpgradeCheck = 1110;
				ORGANIZATIONNAME = "Mitro Onatsu";
				TargetAttributes = {
					6F53532F23CC4D84003DEE1D = {
						CreatedOnToolsVersion = 11.1;
					};
				};
			};
			buildConfigurationList = 6F53532B23CC4D84003DEE1D /* Build configuration list for PBXProject "SwiftUi Tutorial" */;
			compatibilityVersion = "Xcode 9.3";
			developmentRegion = en;
			hasScannedForEncodings = 0;
			knownRegions = (
				en,
				Base,
			);
			mainGroup = 6F53532723CC4D84003DEE1D;
			productRefGroup = 6F53533123CC4D84003DEE1D /* Products */;
			projectDirPath = "";
			projectRoot = "";
			targets = (
				6F53532F23CC4D84003DEE1D /* SwiftUi Tutorial */,
			);
		};
/* End PBXProject section */

/* Begin PBXResourcesBuildPhase section */
		6F53532E23CC4D84003DEE1D /* Resources */ = {
			isa = PBXResourcesBuildPhase;
			buildActionMask = 2147483647;
			files = (
				6FBDADFE23D192D900D7DDBD /* umbagog.jpg in Resources */,
				6FBDAE0423D192D900D7DDBD /* chilkoottrail.jpg in Resources */,
				6FBDADFB23D192D900D7DDBD /* chincoteague.jpg in Resources */,
				6FBDADFD23D192D900D7DDBD /* lakemcdonald.jpg in Resources */,
				6FBDADF923D192D900D7DDBD /* turtlerock.jpg in Resources */,
				6FBDAE0523D192D900D7DDBD /* rainbowlake.jpg in Resources */,
				6FBDAE0223D192D900D7DDBD /* yukon_charleyrivers.jpg in Resources */,
				6FBDADFC23D192D900D7DDBD /* icybay.jpg in Resources */,
				6FBDAE0023D192D900D7DDBD /* landmarkData.json in Resources */,
				6FBDADFA23D192D900D7DDBD /* silversalmoncreek.jpg in Resources */,
				6FBDAE0123D192D900D7DDBD /* hiddenlake.jpg in Resources */,
				6FBDADFF23D192D900D7DDBD /* stmarylake.jpg in Resources */,
				6FBDAE0323D192D900D7DDBD /* twinlake.jpg in Resources */,
			);
			runOnlyForDeploymentPostprocessing = 0;
		};
/* End PBXResourcesBuildPhase section */

/* Begin PBXSourcesBuildPhase section */
		6F53532C23CC4D84003DEE1D /* Sources */ = {
			isa = PBXSourcesBuildPhase;
			buildActionMask = 2147483647;
			files = (
				6F53533423CC4D85003DEE1D /* AppDelegate.swift in Sources */,
				6F53534823CC51E4003DEE1D /* CircleImage.swift in Sources */,
				6F53534A23CC52E7003DEE1D /* MapView.swift in Sources */,
				6FE3D18823CC7FE4004CFB90 /* LandmarkList.swift in Sources */,
				6F53533623CC4D85003DEE1D /* SceneDelegate.swift in Sources */,
				6F53533823CC4D85003DEE1D /* LandmarkDetail.swift in Sources */,
				6FE3D18623CC7EF6004CFB90 /* LandmarkRow.swift in Sources */,
				6FBDAE0723D1932800D7DDBD /* Data.swift in Sources */,
				6FD163E523DEB8FE00BD5872 /* UserData.swift in Sources */,
				6FE3D18023CC7DB2004CFB90 /* Landmark.swift in Sources */,
			);
			runOnlyForDeploymentPostprocessing = 0;
		};
/* End PBXSourcesBuildPhase section */

/* Begin PBXVariantGroup section */
		6F53533E23CC4D85003DEE1D /* LaunchScreen.storyboard */ = {
			isa = PBXVariantGroup;
			children = (
				6F53533F23CC4D85003DEE1D /* Base */,
			);
			name = LaunchScreen.storyboard;
			sourceTree = "<group>";
		};
/* End PBXVariantGroup section */

/* Begin XCBuildConfiguration section */
		6F53534223CC4D85003DEE1D /* Debug */ = {
			isa = XCBuildConfiguration;
			buildSettings = {
				ALWAYS_SEARCH_USER_PATHS = NO;
				CLANG_ANALYZER_NONNULL = YES;
				CLANG_ANALYZER_NUMBER_OBJECT_CONVERSION = YES_AGGRESSIVE;
				CLANG_CXX_LANGUAGE_STANDARD = "gnu++14";
				CLANG_CXX_LIBRARY = "libc++";
				CLANG_ENABLE_MODULES = YES;
				CLANG_ENABLE_OBJC_ARC = YES;
				CLANG_ENABLE_OBJC_WEAK = YES;
				CLANG_WARN_BLOCK_CAPTURE_AUTORELEASING = YES;
				CLANG_WARN_BOOL_CONVERSION = YES;
				CLANG_WARN_COMMA = YES;
				CLANG_WARN_CONSTANT_CONVERSION = YES;
				CLANG_WARN_DEPRECATED_OBJC_IMPLEMENTATIONS = YES;
				CLANG_WARN_DIRECT_OBJC_ISA_USAGE = YES_ERROR;
				CLANG_WARN_DOCUMENTATION_COMMENTS = YES;
				CLANG_WARN_EMPTY_BODY = YES;
				CLANG_WARN_ENUM_CONVERSION = YES;
				CLANG_WARN_INFINITE_RECURSION = YES;
				CLANG_WARN_INT_CONVERSION = YES;
				CLANG_WARN_NON_LITERAL_NULL_CONVERSION = YES;
				CLANG_WARN_OBJC_IMPLICIT_RETAIN_SELF = YES;
				CLANG_WARN_OBJC_LITERAL_CONVERSION = YES;
				CLANG_WARN_OBJC_ROOT_CLASS = YES_ERROR;
				CLANG_WARN_RANGE_LOOP_ANALYSIS = YES;
				CLANG_WARN_STRICT_PROTOTYPES = YES;
				CLANG_WARN_SUSPICIOUS_MOVE = YES;
				CLANG_WARN_UNGUARDED_AVAILABILITY = YES_AGGRESSIVE;
				CLANG_WARN_UNREACHABLE_CODE = YES;
				CLANG_WARN__DUPLICATE_METHOD_MATCH = YES;
				COPY_PHASE_STRIP = NO;
				DEBUG_INFORMATION_FORMAT = dwarf;
				ENABLE_STRICT_OBJC_MSGSEND = YES;
				ENABLE_TESTABILITY = YES;
				GCC_C_LANGUAGE_STANDARD = gnu11;
				GCC_DYNAMIC_NO_PIC = NO;
				GCC_NO_COMMON_BLOCKS = YES;
				GCC_OPTIMIZATION_LEVEL = 0;
				GCC_PREPROCESSOR_DEFINITIONS = (
					"DEBUG=1",
					"$(inherited)",
				);
				GCC_WARN_64_TO_32_BIT_CONVERSION = YES;
				GCC_WARN_ABOUT_RETURN_TYPE = YES_ERROR;
				GCC_WARN_UNDECLARED_SELECTOR = YES;
				GCC_WARN_UNINITIALIZED_AUTOS = YES_AGGRESSIVE;
				GCC_WARN_UNUSED_FUNCTION = YES;
				GCC_WARN_UNUSED_VARIABLE = YES;
				IPHONEOS_DEPLOYMENT_TARGET = 13.1;
				MTL_ENABLE_DEBUG_INFO = INCLUDE_SOURCE;
				MTL_FAST_MATH = YES;
				ONLY_ACTIVE_ARCH = YES;
				SDKROOT = iphoneos;
				SWIFT_ACTIVE_COMPILATION_CONDITIONS = DEBUG;
				SWIFT_OPTIMIZATION_LEVEL = "-Onone";
			};
			name = Debug;
		};
		6F53534323CC4D85003DEE1D /* Release */ = {
			isa = XCBuildConfiguration;
			buildSettings = {
				ALWAYS_SEARCH_USER_PATHS = NO;
				CLANG_ANALYZER_NONNULL = YES;
				CLANG_ANALYZER_NUMBER_OBJECT_CONVERSION = YES_AGGRESSIVE;
				CLANG_CXX_LANGUAGE_STANDARD = "gnu++14";
				CLANG_CXX_LIBRARY = "libc++";
				CLANG_ENABLE_MODULES = YES;
				CLANG_ENABLE_OBJC_ARC = YES;
				CLANG_ENABLE_OBJC_WEAK = YES;
				CLANG_WARN_BLOCK_CAPTURE_AUTORELEASING = YES;
				CLANG_WARN_BOOL_CONVERSION = YES;
				CLANG_WARN_COMMA = YES;
				CLANG_WARN_CONSTANT_CONVERSION = YES;
				CLANG_WARN_DEPRECATED_OBJC_IMPLEMENTATIONS = YES;
				CLANG_WARN_DIRECT_OBJC_ISA_USAGE = YES_ERROR;
				CLANG_WARN_DOCUMENTATION_COMMENTS = YES;
				CLANG_WARN_EMPTY_BODY = YES;
				CLANG_WARN_ENUM_CONVERSION = YES;
				CLANG_WARN_INFINITE_RECURSION = YES;
				CLANG_WARN_INT_CONVERSION = YES;
				CLANG_WARN_NON_LITERAL_NULL_CONVERSION = YES;
				CLANG_WARN_OBJC_IMPLICIT_RETAIN_SELF = YES;
				CLANG_WARN_OBJC_LITERAL_CONVERSION = YES;
				CLANG_WARN_OBJC_ROOT_CLASS = YES_ERROR;
				CLANG_WARN_RANGE_LOOP_ANALYSIS = YES;
				CLANG_WARN_STRICT_PROTOTYPES = YES;
				CLANG_WARN_SUSPICIOUS_MOVE = YES;
				CLANG_WARN_UNGUARDED_AVAILABILITY = YES_AGGRESSIVE;
				CLANG_WARN_UNREACHABLE_CODE = YES;
				CLANG_WARN__DUPLICATE_METHOD_MATCH = YES;
				COPY_PHASE_STRIP = NO;
				DEBUG_INFORMATION_FORMAT = "dwarf-with-dsym";
				ENABLE_NS_ASSERTIONS = NO;
				ENABLE_STRICT_OBJC_MSGSEND = YES;
				GCC_C_LANGUAGE_STANDARD = gnu11;
				GCC_NO_COMMON_BLOCKS = YES;
				GCC_WARN_64_TO_32_BIT_CONVERSION = YES;
				GCC_WARN_ABOUT_RETURN_TYPE = YES_ERROR;
				GCC_WARN_UNDECLARED_SELECTOR = YES;
				GCC_WARN_UNINITIALIZED_AUTOS = YES_AGGRESSIVE;
				GCC_WARN_UNUSED_FUNCTION = YES;
				GCC_WARN_UNUSED_VARIABLE = YES;
				IPHONEOS_DEPLOYMENT_TARGET = 13.1;
				MTL_ENABLE_DEBUG_INFO = NO;
				MTL_FAST_MATH = YES;
				SDKROOT = iphoneos;
				SWIFT_COMPILATION_MODE = wholemodule;
				SWIFT_OPTIMIZATION_LEVEL = "-O";
				VALIDATE_PRODUCT = YES;
			};
			name = Release;
		};
		6F53534523CC4D85003DEE1D /* Debug */ = {
			isa = XCBuildConfiguration;
			buildSettings = {
				ASSETCATALOG_COMPILER_APPICON_NAME = AppIcon;
				CODE_SIGN_STYLE = Automatic;
				DEVELOPMENT_ASSET_PATHS = "\"SwiftUi Tutorial/Preview Content\"";
				ENABLE_PREVIEWS = YES;
				INFOPLIST_FILE = "SwiftUi Tutorial/Info.plist";
				LD_RUNPATH_SEARCH_PATHS = (
					"$(inherited)",
					"@executable_path/Frameworks",
				);
				PRODUCT_BUNDLE_IDENTIFIER = "lab.digitrade.fi.SwiftUi-Tutorial";
				PRODUCT_NAME = "$(TARGET_NAME)";
				SWIFT_VERSION = 5.0;
				TARGETED_DEVICE_FAMILY = "1,2";
			};
			name = Debug;
		};
		6F53534623CC4D85003DEE1D /* Release */ = {
			isa = XCBuildConfiguration;
			buildSettings = {
				ASSETCATALOG_COMPILER_APPICON_NAME = AppIcon;
				CODE_SIGN_STYLE = Automatic;
				DEVELOPMENT_ASSET_PATHS = "\"SwiftUi Tutorial/Preview Content\"";
				ENABLE_PREVIEWS = YES;
				INFOPLIST_FILE = "SwiftUi Tutorial/Info.plist";
				LD_RUNPATH_SEARCH_PATHS = (
					"$(inherited)",
					"@executable_path/Frameworks",
				);
				PRODUCT_BUNDLE_IDENTIFIER = "lab.digitrade.fi.SwiftUi-Tutorial";
				PRODUCT_NAME = "$(TARGET_NAME)";
				SWIFT_VERSION = 5.0;
				TARGETED_DEVICE_FAMILY = "1,2";
			};
			name = Release;
		};
/* End XCBuildConfiguration section */

/* Begin XCConfigurationList section */
		6F53532B23CC4D84003DEE1D /* Build configuration list for PBXProject "SwiftUi Tutorial" */ = {
			isa = XCConfigurationList;
			buildConfigurations = (
				6F53534223CC4D85003DEE1D /* Debug */,
				6F53534323CC4D85003DEE1D /* Release */,
			);
			defaultConfigurationIsVisible = 0;
			defaultConfigurationName = Release;
		};
		6F53534423CC4D85003DEE1D /* Build configuration list for PBXNativeTarget "SwiftUi Tutorial" */ = {
			isa = XCConfigurationList;
			buildConfigurations = (
				6F53534523CC4D85003DEE1D /* Debug */,
				6F53534623CC4D85003DEE1D /* Release */,
			);
			defaultConfigurationIsVisible = 0;
			defaultConfigurationName = Release;
		};
/* End XCConfigurationList section */
	};
	rootObject = 6F53532823CC4D84003DEE1D /* Project object */;
}
